
Microsoft Visual Studio Solution File, Format Version 12.00
# Visual Studio Version 17
VisualStudioVersion = 17.7.34009.444
MinimumVisualStudioVersion = 10.0.40219.1
Project("{FAE04EC0-301F-11D3-BF4B-00C04F79EFBC}") = "Demo01EFCore", "Demo01EFCore\Demo01EFCore.csproj", "{A48562F3-AA4F-41AE-895C-171F1D9DFC8E}"
EndProject
Project("{FAE04EC0-301F-11D3-BF4B-00C04F79EFBC}") = "EFCoreExercice01", "EFCoreExercice01\EFCoreExercice01.csproj", "{8E784B84-AEEB-4BB4-B14D-C0522835678C}"
EndProject
Global
	GlobalSection(SolutionConfigurationPlatforms) = preSolution
		Debug|Any CPU = Debug|Any CPU
		Release|Any CPU = Release|Any CPU
	EndGlobalSection
	GlobalSection(ProjectConfigurationPlatforms) = postSolution
		{A48562F3-AA4F-41AE-895C-171F1D9DFC8E}.Debug|Any CPU.ActiveCfg = Debug|Any CPU
		{A48562F3-AA4F-41AE-895C-171F1D9DFC8E}.Debug|Any CPU.Build.0 = Debug|Any CPU
		{A48562F3-AA4F-41AE-895C-171F1D9DFC8E}.Release|Any CPU.ActiveCfg = Release|Any CPU
		{A48562F3-AA4F-41AE-895C-171F1D9DFC8E}.Release|Any CPU.Build.0 = Release|Any CPU
		{8E784B84-AEEB-4BB4-B14D-C0522835678C}.Debug|Any CPU.ActiveCfg = Debug|Any CPU
		{8E784B84-AEEB-4BB4-B14D-C0522835678C}.Debug|Any CPU.Build.0 = Debug|Any CPU
		{8E784B84-AEEB-4BB4-B14D-C0522835678C}.Release|Any CPU.ActiveCfg = Release|Any CPU
		{8E784B84-AEEB-4BB4-B14D-C0522835678C}.Release|Any CPU.Build.0 = Release|Any CPU
	EndGlobalSection
	GlobalSection(SolutionProperties) = preSolution
		HideSolutionNode = FALSE
	EndGlobalSection
	GlobalSection(ExtensibilityGlobals) = postSolution
		SolutionGuid = {55610824-BB6B-4BAD-B8F7-67B06EEA2AB9}
	EndGlobalSection
EndGlobal
